
Microsoft Visual Studio Solution File, Format Version 12.00
# Visual Studio Version 16
VisualStudioVersion = 16.0.33214.272
MinimumVisualStudioVersion = 10.0.40219.1
Project("{FAE04EC0-301F-11D3-BF4B-00C04F79EFBC}") = "JosueRivera", "JosueRivera\JosueRivera.csproj", "{60F0A91F-BAAF-4C81-A874-D10CD9A22F5F}"
EndProject
Project("{FAE04EC0-301F-11D3-BF4B-00C04F79EFBC}") = "Productos", "Productos\Productos.csproj", "{203E0A6F-B660-4452-AC78-81B18D1BBF43}"
EndProject
Global
	GlobalSection(SolutionConfigurationPlatforms) = preSolution
		Debug|Any CPU = Debug|Any CPU
		Release|Any CPU = Release|Any CPU
	EndGlobalSection
	GlobalSection(ProjectConfigurationPlatforms) = postSolution
		{60F0A91F-BAAF-4C81-A874-D10CD9A22F5F}.Debug|Any CPU.ActiveCfg = Debug|Any CPU
		{60F0A91F-BAAF-4C81-A874-D10CD9A22F5F}.Debug|Any CPU.Build.0 = Debug|Any CPU
		{60F0A91F-BAAF-4C81-A874-D10CD9A22F5F}.Release|Any CPU.ActiveCfg = Release|Any CPU
		{60F0A91F-BAAF-4C81-A874-D10CD9A22F5F}.Release|Any CPU.Build.0 = Release|Any CPU
		{203E0A6F-B660-4452-AC78-81B18D1BBF43}.Debug|Any CPU.ActiveCfg = Debug|Any CPU
		{203E0A6F-B660-4452-AC78-81B18D1BBF43}.Debug|Any CPU.Build.0 = Debug|Any CPU
		{203E0A6F-B660-4452-AC78-81B18D1BBF43}.Release|Any CPU.ActiveCfg = Release|Any CPU
		{203E0A6F-B660-4452-AC78-81B18D1BBF43}.Release|Any CPU.Build.0 = Release|Any CPU
	EndGlobalSection
	GlobalSection(SolutionProperties) = preSolution
		HideSolutionNode = FALSE
	EndGlobalSection
	GlobalSection(ExtensibilityGlobals) = postSolution
		SolutionGuid = {40D241AB-2DE3-4788-AB83-EDE9D68104A4}
	EndGlobalSection
EndGlobal
